
Microsoft Visual Studio Solution File, Format Version 12.00
# Visual Studio Version 17
VisualStudioVersion = 17.0.32112.339
MinimumVisualStudioVersion = 10.0.40219.1
Project("{FAE04EC0-301F-11D3-BF4B-00C04F79EFBC}") = "Tarea Semana 2", "Tarea Semana 2\Tarea Semana 2.csproj", "{898171C0-E1E0-4B7B-AF93-58267647414C}"
EndProject
Global
	GlobalSection(SolutionConfigurationPlatforms) = preSolution
		Debug|Any CPU = Debug|Any CPU
		Release|Any CPU = Release|Any CPU
	EndGlobalSection
	GlobalSection(ProjectConfigurationPlatforms) = postSolution
		{898171C0-E1E0-4B7B-AF93-58267647414C}.Debug|Any CPU.ActiveCfg = Debug|Any CPU
		{898171C0-E1E0-4B7B-AF93-58267647414C}.Debug|Any CPU.Build.0 = Debug|Any CPU
		{898171C0-E1E0-4B7B-AF93-58267647414C}.Release|Any CPU.ActiveCfg = Release|Any CPU
		{898171C0-E1E0-4B7B-AF93-58267647414C}.Release|Any CPU.Build.0 = Release|Any CPU
	EndGlobalSection
	GlobalSection(SolutionProperties) = preSolution
		HideSolutionNode = FALSE
	EndGlobalSection
	GlobalSection(ExtensibilityGlobals) = postSolution
		SolutionGuid = {9D478A93-D012-451B-A801-FC7405A37D27}
	EndGlobalSection
EndGlobal
